
Microsoft Visual Studio Solution File, Format Version 12.00
# Visual Studio Version 17
VisualStudioVersion = 17.2.32526.322
MinimumVisualStudioVersion = 10.0.40219.1
Project("{9A19103F-16F7-4668-BE54-9A1E7A4F7556}") = "TraveLink", "TraveLink.csproj", "{03D05E6A-2927-489C-8513-37D4CB9C094B}"
EndProject
Global
	GlobalSection(SolutionConfigurationPlatforms) = preSolution
		Debug|Any CPU = Debug|Any CPU
		Release|Any CPU = Release|Any CPU
	EndGlobalSection
	GlobalSection(ProjectConfigurationPlatforms) = postSolution
		{03D05E6A-2927-489C-8513-37D4CB9C094B}.Debug|Any CPU.ActiveCfg = Debug|Any CPU
		{03D05E6A-2927-489C-8513-37D4CB9C094B}.Debug|Any CPU.Build.0 = Debug|Any CPU
		{03D05E6A-2927-489C-8513-37D4CB9C094B}.Release|Any CPU.ActiveCfg = Release|Any CPU
		{03D05E6A-2927-489C-8513-37D4CB9C094B}.Release|Any CPU.Build.0 = Release|Any CPU
	EndGlobalSection
	GlobalSection(SolutionProperties) = preSolution
		HideSolutionNode = FALSE
	EndGlobalSection
	GlobalSection(ExtensibilityGlobals) = postSolution
		SolutionGuid = {1BC51F83-112E-42BF-BA55-675A4BF26BD8}
	EndGlobalSection
EndGlobal
